
Microsoft Visual Studio Solution File, Format Version 12.00
# Visual Studio Version 16
VisualStudioVersion = 16.0.29920.165
MinimumVisualStudioVersion = 10.0.40219.1
Project("{FAE04EC0-301F-11D3-BF4B-00C04F79EFBC}") = "TP1_Lerose", "TP1_Lerose.csproj", "{0AFECC70-C3E8-42D5-ACD4-4FA5414ADCE3}"
EndProject
Global
	GlobalSection(SolutionConfigurationPlatforms) = preSolution
		Debug|Any CPU = Debug|Any CPU
		Release|Any CPU = Release|Any CPU
	EndGlobalSection
	GlobalSection(ProjectConfigurationPlatforms) = postSolution
		{0AFECC70-C3E8-42D5-ACD4-4FA5414ADCE3}.Debug|Any CPU.ActiveCfg = Debug|Any CPU
		{0AFECC70-C3E8-42D5-ACD4-4FA5414ADCE3}.Debug|Any CPU.Build.0 = Debug|Any CPU
		{0AFECC70-C3E8-42D5-ACD4-4FA5414ADCE3}.Release|Any CPU.ActiveCfg = Release|Any CPU
		{0AFECC70-C3E8-42D5-ACD4-4FA5414ADCE3}.Release|Any CPU.Build.0 = Release|Any CPU
	EndGlobalSection
	GlobalSection(SolutionProperties) = preSolution
		HideSolutionNode = FALSE
	EndGlobalSection
	GlobalSection(ExtensibilityGlobals) = postSolution
		SolutionGuid = {1F5E7EED-05EA-49F7-87A0-748FA1EA7427}
	EndGlobalSection
EndGlobal
